
Microsoft Visual Studio Solution File, Format Version 12.00
# Visual Studio Version 17
VisualStudioVersion = 17.0.31919.166
MinimumVisualStudioVersion = 10.0.40219.1
Project("{FAE04EC0-301F-11D3-BF4B-00C04F79EFBC}") = "Task1", "Task1\Task1.csproj", "{6CAFEB1A-CD98-4255-A5D2-254FD10D6C26}"
EndProject
Project("{FAE04EC0-301F-11D3-BF4B-00C04F79EFBC}") = "Task2", "Task2\Task2.csproj", "{732F1C0D-F418-42B0-A3F4-8C4AD5F333D6}"
EndProject
Project("{FAE04EC0-301F-11D3-BF4B-00C04F79EFBC}") = "Task3", "Task3\Task3.csproj", "{C94EA10A-0577-4EF3-BA4E-F1BF2C975819}"
EndProject
Global
	GlobalSection(SolutionConfigurationPlatforms) = preSolution
		Debug|Any CPU = Debug|Any CPU
		Release|Any CPU = Release|Any CPU
	EndGlobalSection
	GlobalSection(ProjectConfigurationPlatforms) = postSolution
		{6CAFEB1A-CD98-4255-A5D2-254FD10D6C26}.Debug|Any CPU.ActiveCfg = Debug|Any CPU
		{6CAFEB1A-CD98-4255-A5D2-254FD10D6C26}.Debug|Any CPU.Build.0 = Debug|Any CPU
		{6CAFEB1A-CD98-4255-A5D2-254FD10D6C26}.Release|Any CPU.ActiveCfg = Release|Any CPU
		{6CAFEB1A-CD98-4255-A5D2-254FD10D6C26}.Release|Any CPU.Build.0 = Release|Any CPU
		{732F1C0D-F418-42B0-A3F4-8C4AD5F333D6}.Debug|Any CPU.ActiveCfg = Debug|Any CPU
		{732F1C0D-F418-42B0-A3F4-8C4AD5F333D6}.Debug|Any CPU.Build.0 = Debug|Any CPU
		{732F1C0D-F418-42B0-A3F4-8C4AD5F333D6}.Release|Any CPU.ActiveCfg = Release|Any CPU
		{732F1C0D-F418-42B0-A3F4-8C4AD5F333D6}.Release|Any CPU.Build.0 = Release|Any CPU
		{C94EA10A-0577-4EF3-BA4E-F1BF2C975819}.Debug|Any CPU.ActiveCfg = Debug|Any CPU
		{C94EA10A-0577-4EF3-BA4E-F1BF2C975819}.Debug|Any CPU.Build.0 = Debug|Any CPU
		{C94EA10A-0577-4EF3-BA4E-F1BF2C975819}.Release|Any CPU.ActiveCfg = Release|Any CPU
		{C94EA10A-0577-4EF3-BA4E-F1BF2C975819}.Release|Any CPU.Build.0 = Release|Any CPU
	EndGlobalSection
	GlobalSection(SolutionProperties) = preSolution
		HideSolutionNode = FALSE
	EndGlobalSection
	GlobalSection(ExtensibilityGlobals) = postSolution
		SolutionGuid = {51A8DB89-E965-4227-BC3F-4D63D9E2107E}
	EndGlobalSection
EndGlobal
